// !$*UTF8*$!
{
	archiveVersion = 1;
	classes = {
	};
	objectVersion = 46;
	objects = {

/* Begin PBXBuildFile section */
		B5E8056D1B7F21470039CA40 /* main.swift in Sources */ = {isa = PBXBuildFile; fileRef = B5E8056C1B7F21470039CA40 /* main.swift */; };
		B5E805781B7F21530039CA40 /* main.m in Sources */ = {isa = PBXBuildFile; fileRef = B5E805771B7F21530039CA40 /* main.m */; };
		B5E805801B7F21660039CA40 /* KKNumber.m in Sources */ = {isa = PBXBuildFile; fileRef = B5E8057D1B7F21660039CA40 /* KKNumber.m */; };
		B5E805811B7F21660039CA40 /* Measure.m in Sources */ = {isa = PBXBuildFile; fileRef = B5E8057F1B7F21660039CA40 /* Measure.m */; };
		B5E805831B7F22D40039CA40 /* Number.swift in Sources */ = {isa = PBXBuildFile; fileRef = B5E805821B7F22D40039CA40 /* Number.swift */; };
		B5E805851B7F22E80039CA40 /* Logs.swift in Sources */ = {isa = PBXBuildFile; fileRef = B5E805841B7F22E80039CA40 /* Logs.swift */; };
/* End PBXBuildFile section */

/* Begin PBXCopyFilesBuildPhase section */
		B5E805671B7F21470039CA40 /* CopyFiles */ = {
			isa = PBXCopyFilesBuildPhase;
			buildActionMask = 2147483647;
			dstPath = /usr/share/man/man1/;
			dstSubfolderSpec = 0;
			files = (
			);
			runOnlyForDeploymentPostprocessing = 1;
		};
		B5E805731B7F21530039CA40 /* CopyFiles */ = {
			isa = PBXCopyFilesBuildPhase;
			buildActionMask = 2147483647;
			dstPath = /usr/share/man/man1/;
			dstSubfolderSpec = 0;
			files = (
			);
			runOnlyForDeploymentPostprocessing = 1;
		};
/* End PBXCopyFilesBuildPhase section */

/* Begin PBXFileReference section */
		B5E805691B7F21470039CA40 /* Swift-methods */ = {isa = PBXFileReference; explicitFileType = "compiled.mach-o.executable"; includeInIndex = 0; path = "Swift-methods"; sourceTree = BUILT_PRODUCTS_DIR; };
		B5E8056C1B7F21470039CA40 /* main.swift */ = {isa = PBXFileReference; lastKnownFileType = sourcecode.swift; path = main.swift; sourceTree = "<group>"; };
		B5E805751B7F21530039CA40 /* objc-methods */ = {isa = PBXFileReference; explicitFileType = "compiled.mach-o.executable"; includeInIndex = 0; path = "objc-methods"; sourceTree = BUILT_PRODUCTS_DIR; };
		B5E805771B7F21530039CA40 /* main.m */ = {isa = PBXFileReference; lastKnownFileType = sourcecode.c.objc; path = main.m; sourceTree = "<group>"; };
		B5E8057C1B7F21660039CA40 /* KKNumber.h */ = {isa = PBXFileReference; fileEncoding = 4; lastKnownFileType = sourcecode.c.h; path = KKNumber.h; sourceTree = "<group>"; };
		B5E8057D1B7F21660039CA40 /* KKNumber.m */ = {isa = PBXFileReference; fileEncoding = 4; lastKnownFileType = sourcecode.c.objc; path = KKNumber.m; sourceTree = "<group>"; };
		B5E8057E1B7F21660039CA40 /* Measure.h */ = {isa = PBXFileReference; fileEncoding = 4; lastKnownFileType = sourcecode.c.h; path = Measure.h; sourceTree = "<group>"; };
		B5E8057F1B7F21660039CA40 /* Measure.m */ = {isa = PBXFileReference; fileEncoding = 4; lastKnownFileType = sourcecode.c.objc; path = Measure.m; sourceTree = "<group>"; };
		B5E805821B7F22D40039CA40 /* Number.swift */ = {isa = PBXFileReference; fileEncoding = 4; lastKnownFileType = sourcecode.swift; path = Number.swift; sourceTree = "<group>"; };
		B5E805841B7F22E80039CA40 /* Logs.swift */ = {isa = PBXFileReference; fileEncoding = 4; lastKnownFileType = sourcecode.swift; path = Logs.swift; sourceTree = "<group>"; };
/* End PBXFileReference section */

/* Begin PBXFrameworksBuildPhase section */
		B5E805661B7F21470039CA40 /* Frameworks */ = {
			isa = PBXFrameworksBuildPhase;
			buildActionMask = 2147483647;
			files = (
			);
			runOnlyForDeploymentPostprocessing = 0;
		};
		B5E805721B7F21530039CA40 /* Frameworks */ = {
			isa = PBXFrameworksBuildPhase;
			buildActionMask = 2147483647;
			files = (
			);
			runOnlyForDeploymentPostprocessing = 0;
		};
/* End PBXFrameworksBuildPhase section */

/* Begin PBXGroup section */
		B5E8055E1B7F212C0039CA40 = {
			isa = PBXGroup;
			children = (
				B5E8056B1B7F21470039CA40 /* Swift-methods */,
				B5E805761B7F21530039CA40 /* objc-methods */,
				B5E8056A1B7F21470039CA40 /* Products */,
			);
			sourceTree = "<group>";
		};
		B5E8056A1B7F21470039CA40 /* Products */ = {
			isa = PBXGroup;
			children = (
				B5E805691B7F21470039CA40 /* Swift-methods */,
				B5E805751B7F21530039CA40 /* objc-methods */,
			);
			name = Products;
			sourceTree = "<group>";
		};
		B5E8056B1B7F21470039CA40 /* Swift-methods */ = {
			isa = PBXGroup;
			children = (
				B5E805841B7F22E80039CA40 /* Logs.swift */,
				B5E805821B7F22D40039CA40 /* Number.swift */,
				B5E8056C1B7F21470039CA40 /* main.swift */,
			);
			path = "Swift-methods";
			sourceTree = "<group>";
		};
		B5E805761B7F21530039CA40 /* objc-methods */ = {
			isa = PBXGroup;
			children = (
				B5E8057C1B7F21660039CA40 /* KKNumber.h */,
				B5E8057D1B7F21660039CA40 /* KKNumber.m */,
				B5E8057E1B7F21660039CA40 /* Measure.h */,
				B5E8057F1B7F21660039CA40 /* Measure.m */,
				B5E805771B7F21530039CA40 /* main.m */,
			);
			path = "objc-methods";
			sourceTree = "<group>";
		};
/* End PBXGroup section */

/* Begin PBXNativeTarget section */
		B5E805681B7F21470039CA40 /* Swift-methods */ = {
			isa = PBXNativeTarget;
			buildConfigurationList = B5E8056E1B7F21470039CA40 /* Build configuration list for PBXNativeTarget "Swift-methods" */;
			buildPhases = (
				B5E805651B7F21470039CA40 /* Sources */,
				B5E805661B7F21470039CA40 /* Frameworks */,
				B5E805671B7F21470039CA40 /* CopyFiles */,
			);
			buildRules = (
			);
			dependencies = (
			);
			name = "Swift-methods";
			productName = "Swift-methods";
			productReference = B5E805691B7F21470039CA40 /* Swift-methods */;
			productType = "com.apple.product-type.tool";
		};
		B5E805741B7F21530039CA40 /* objc-methods */ = {
			isa = PBXNativeTarget;
			buildConfigurationList = B5E805791B7F21530039CA40 /* Build configuration list for PBXNativeTarget "objc-methods" */;
			buildPhases = (
				B5E805711B7F21530039CA40 /* Sources */,
				B5E805721B7F21530039CA40 /* Frameworks */,
				B5E805731B7F21530039CA40 /* CopyFiles */,
			);
			buildRules = (
			);
			dependencies = (
			);
			name = "objc-methods";
			productName = "objc-methods";
			productReference = B5E805751B7F21530039CA40 /* objc-methods */;
			productType = "com.apple.product-type.tool";
		};
/* End PBXNativeTarget section */

/* Begin PBXProject section */
		B5E8055F1B7F212C0039CA40 /* Project object */ = {
			isa = PBXProject;
			attributes = {
				LastUpgradeCheck = 0700;
				TargetAttributes = {
					B5E805681B7F21470039CA40 = {
						CreatedOnToolsVersion = 7.0;
					};
					B5E805741B7F21530039CA40 = {
						CreatedOnToolsVersion = 7.0;
					};
				};
			};
			buildConfigurationList = B5E805621B7F212C0039CA40 /* Build configuration list for PBXProject "Methods Speed" */;
			compatibilityVersion = "Xcode 3.2";
			developmentRegion = English;
			hasScannedForEncodings = 0;
			knownRegions = (
				en,
			);
			mainGroup = B5E8055E1B7F212C0039CA40;
			productRefGroup = B5E8056A1B7F21470039CA40 /* Products */;
			projectDirPath = "";
			projectRoot = "";
			targets = (
				B5E805681B7F21470039CA40 /* Swift-methods */,
				B5E805741B7F21530039CA40 /* objc-methods */,
			);
		};
/* End PBXProject section */

/* Begin PBXSourcesBuildPhase section */
		B5E805651B7F21470039CA40 /* Sources */ = {
			isa = PBXSourcesBuildPhase;
			buildActionMask = 2147483647;
			files = (
				B5E805831B7F22D40039CA40 /* Number.swift in Sources */,
				B5E805851B7F22E80039CA40 /* Logs.swift in Sources */,
				B5E8056D1B7F21470039CA40 /* main.swift in Sources */,
			);
			runOnlyForDeploymentPostprocessing = 0;
		};
		B5E805711B7F21530039CA40 /* Sources */ = {
			isa = PBXSourcesBuildPhase;
			buildActionMask = 2147483647;
			files = (
				B5E805801B7F21660039CA40 /* KKNumber.m in Sources */,
				B5E805811B7F21660039CA40 /* Measure.m in Sources */,
				B5E805781B7F21530039CA40 /* main.m in Sources */,
			);
			runOnlyForDeploymentPostprocessing = 0;
		};
/* End PBXSourcesBuildPhase section */

/* Begin XCBuildConfiguration section */
		B5E805631B7F212C0039CA40 /* Debug */ = {
			isa = XCBuildConfiguration;
			buildSettings = {
			};
			name = Debug;
		};
		B5E805641B7F212C0039CA40 /* Release */ = {
			isa = XCBuildConfiguration;
			buildSettings = {
			};
			name = Release;
		};
		B5E8056F1B7F21470039CA40 /* Debug */ = {
			isa = XCBuildConfiguration;
			buildSettings = {
				ALWAYS_SEARCH_USER_PATHS = NO;
				CLANG_CXX_LANGUAGE_STANDARD = "gnu++0x";
				CLANG_CXX_LIBRARY = "libc++";
				CLANG_ENABLE_MODULES = YES;
				CLANG_ENABLE_OBJC_ARC = YES;
				CLANG_WARN_BOOL_CONVERSION = YES;
				CLANG_WARN_CONSTANT_CONVERSION = YES;
				CLANG_WARN_DIRECT_OBJC_ISA_USAGE = YES_ERROR;
				CLANG_WARN_EMPTY_BODY = YES;
				CLANG_WARN_ENUM_CONVERSION = YES;
				CLANG_WARN_INT_CONVERSION = YES;
				CLANG_WARN_OBJC_ROOT_CLASS = YES_ERROR;
				CLANG_WARN_UNREACHABLE_CODE = YES;
				CLANG_WARN__DUPLICATE_METHOD_MATCH = YES;
				COPY_PHASE_STRIP = NO;
				DEBUG_INFORMATION_FORMAT = dwarf;
				ENABLE_STRICT_OBJC_MSGSEND = YES;
				ENABLE_TESTABILITY = YES;
				GCC_C_LANGUAGE_STANDARD = gnu99;
				GCC_DYNAMIC_NO_PIC = NO;
				GCC_NO_COMMON_BLOCKS = YES;
				GCC_OPTIMIZATION_LEVEL = 0;
				GCC_PREPROCESSOR_DEFINITIONS = (
					"DEBUG=1",
					"$(inherited)",
				);
				GCC_WARN_64_TO_32_BIT_CONVERSION = YES;
				GCC_WARN_ABOUT_RETURN_TYPE = YES_ERROR;
				GCC_WARN_UNDECLARED_SELECTOR = YES;
				GCC_WARN_UNINITIALIZED_AUTOS = YES_AGGRESSIVE;
				GCC_WARN_UNUSED_FUNCTION = YES;
				GCC_WARN_UNUSED_VARIABLE = YES;
				MACOSX_DEPLOYMENT_TARGET = 10.10;
				MTL_ENABLE_DEBUG_INFO = YES;
				ONLY_ACTIVE_ARCH = YES;
				PRODUCT_NAME = "$(TARGET_NAME)";
				SDKROOT = macosx;
				SWIFT_OPTIMIZATION_LEVEL = "-Onone";
			};
			name = Debug;
		};
		B5E805701B7F21470039CA40 /* Release */ = {
			isa = XCBuildConfiguration;
			buildSettings = {
				ALWAYS_SEARCH_USER_PATHS = NO;
				CLANG_CXX_LANGUAGE_STANDARD = "gnu++0x";
				CLANG_CXX_LIBRARY = "libc++";
				CLANG_ENABLE_MODULES = YES;
				CLANG_ENABLE_OBJC_ARC = YES;
				CLANG_WARN_BOOL_CONVERSION = YES;
				CLANG_WARN_CONSTANT_CONVERSION = YES;
				CLANG_WARN_DIRECT_OBJC_ISA_USAGE = YES_ERROR;
				CLANG_WARN_EMPTY_BODY = YES;
				CLANG_WARN_ENUM_CONVERSION = YES;
				CLANG_WARN_INT_CONVERSION = YES;
				CLANG_WARN_OBJC_ROOT_CLASS = YES_ERROR;
				CLANG_WARN_UNREACHABLE_CODE = YES;
				CLANG_WARN__DUPLICATE_METHOD_MATCH = YES;
				COPY_PHASE_STRIP = NO;
				DEBUG_INFORMATION_FORMAT = "dwarf-with-dsym";
				ENABLE_NS_ASSERTIONS = NO;
				ENABLE_STRICT_OBJC_MSGSEND = YES;
				GCC_C_LANGUAGE_STANDARD = gnu99;
				GCC_NO_COMMON_BLOCKS = YES;
				GCC_WARN_64_TO_32_BIT_CONVERSION = YES;
				GCC_WARN_ABOUT_RETURN_TYPE = YES_ERROR;
				GCC_WARN_UNDECLARED_SELECTOR = YES;
				GCC_WARN_UNINITIALIZED_AUTOS = YES_AGGRESSIVE;
				GCC_WARN_UNUSED_FUNCTION = YES;
				GCC_WARN_UNUSED_VARIABLE = YES;
				MACOSX_DEPLOYMENT_TARGET = 10.10;
				MTL_ENABLE_DEBUG_INFO = NO;
				PRODUCT_NAME = "$(TARGET_NAME)";
				SDKROOT = macosx;
				SWIFT_DISABLE_SAFETY_CHECKS = YES;
				SWIFT_OPTIMIZATION_LEVEL = "-O";
			};
			name = Release;
		};
		B5E8057A1B7F21530039CA40 /* Debug */ = {
			isa = XCBuildConfiguration;
			buildSettings = {
				ALWAYS_SEARCH_USER_PATHS = NO;
				CLANG_CXX_LANGUAGE_STANDARD = "gnu++0x";
				CLANG_CXX_LIBRARY = "libc++";
				CLANG_ENABLE_MODULES = YES;
				CLANG_ENABLE_OBJC_ARC = YES;
				CLANG_WARN_BOOL_CONVERSION = YES;
				CLANG_WARN_CONSTANT_CONVERSION = YES;
				CLANG_WARN_DIRECT_OBJC_ISA_USAGE = YES_ERROR;
				CLANG_WARN_EMPTY_BODY = YES;
				CLANG_WARN_ENUM_CONVERSION = YES;
				CLANG_WARN_INT_CONVERSION = YES;
				CLANG_WARN_OBJC_ROOT_CLASS = YES_ERROR;
				CLANG_WARN_UNREACHABLE_CODE = YES;
				CLANG_WARN__DUPLICATE_METHOD_MATCH = YES;
				COPY_PHASE_STRIP = NO;
				DEBUG_INFORMATION_FORMAT = dwarf;
				ENABLE_STRICT_OBJC_MSGSEND = YES;
				ENABLE_TESTABILITY = YES;
				GCC_C_LANGUAGE_STANDARD = gnu99;
				GCC_DYNAMIC_NO_PIC = NO;
				GCC_NO_COMMON_BLOCKS = YES;
				GCC_OPTIMIZATION_LEVEL = 0;
				GCC_PREPROCESSOR_DEFINITIONS = (
					"DEBUG=1",
					"$(inherited)",
				);
				GCC_WARN_64_TO_32_BIT_CONVERSION = YES;
				GCC_WARN_ABOUT_RETURN_TYPE = YES_ERROR;
				GCC_WARN_UNDECLARED_SELECTOR = YES;
				GCC_WARN_UNINITIALIZED_AUTOS = YES_AGGRESSIVE;
				GCC_WARN_UNUSED_FUNCTION = YES;
				GCC_WARN_UNUSED_VARIABLE = YES;
				MACOSX_DEPLOYMENT_TARGET = 10.10;
				MTL_ENABLE_DEBUG_INFO = YES;
				ONLY_ACTIVE_ARCH = YES;
				PRODUCT_NAME = "$(TARGET_NAME)";
				SDKROOT = macosx;
			};
			name = Debug;
		};
		B5E8057B1B7F21530039CA40 /* Release */ = {
			isa = XCBuildConfiguration;
			buildSettings = {
				ALWAYS_SEARCH_USER_PATHS = NO;
				CLANG_CXX_LANGUAGE_STANDARD = "gnu++0x";
				CLANG_CXX_LIBRARY = "libc++";
				CLANG_ENABLE_MODULES = YES;
				CLANG_ENABLE_OBJC_ARC = YES;
				CLANG_WARN_BOOL_CONVERSION = YES;
				CLANG_WARN_CONSTANT_CONVERSION = YES;
				CLANG_WARN_DIRECT_OBJC_ISA_USAGE = YES_ERROR;
				CLANG_WARN_EMPTY_BODY = YES;
				CLANG_WARN_ENUM_CONVERSION = YES;
				CLANG_WARN_INT_CONVERSION = YES;
				CLANG_WARN_OBJC_ROOT_CLASS = YES_ERROR;
				CLANG_WARN_UNREACHABLE_CODE = YES;
				CLANG_WARN__DUPLICATE_METHOD_MATCH = YES;
				COPY_PHASE_STRIP = NO;
				DEBUG_INFORMATION_FORMAT = "dwarf-with-dsym";
				ENABLE_NS_ASSERTIONS = NO;
				ENABLE_STRICT_OBJC_MSGSEND = YES;
				GCC_C_LANGUAGE_STANDARD = gnu99;
				GCC_NO_COMMON_BLOCKS = YES;
				GCC_WARN_64_TO_32_BIT_CONVERSION = YES;
				GCC_WARN_ABOUT_RETURN_TYPE = YES_ERROR;
				GCC_WARN_UNDECLARED_SELECTOR = YES;
				GCC_WARN_UNINITIALIZED_AUTOS = YES_AGGRESSIVE;
				GCC_WARN_UNUSED_FUNCTION = YES;
				GCC_WARN_UNUSED_VARIABLE = YES;
				MACOSX_DEPLOYMENT_TARGET = 10.10;
				MTL_ENABLE_DEBUG_INFO = NO;
				PRODUCT_NAME = "$(TARGET_NAME)";
				SDKROOT = macosx;
			};
			name = Release;
		};
/* End XCBuildConfiguration section */

/* Begin XCConfigurationList section */
		B5E805621B7F212C0039CA40 /* Build configuration list for PBXProject "Methods Speed" */ = {
			isa = XCConfigurationList;
			buildConfigurations = (
				B5E805631B7F212C0039CA40 /* Debug */,
				B5E805641B7F212C0039CA40 /* Release */,
			);
			defaultConfigurationIsVisible = 0;
			defaultConfigurationName = Release;
		};
		B5E8056E1B7F21470039CA40 /* Build configuration list for PBXNativeTarget "Swift-methods" */ = {
			isa = XCConfigurationList;
			buildConfigurations = (
				B5E8056F1B7F21470039CA40 /* Debug */,
				B5E805701B7F21470039CA40 /* Release */,
			);
			defaultConfigurationIsVisible = 0;
			defaultConfigurationName = Release;
		};
		B5E805791B7F21530039CA40 /* Build configuration list for PBXNativeTarget "objc-methods" */ = {
			isa = XCConfigurationList;
			buildConfigurations = (
				B5E8057A1B7F21530039CA40 /* Debug */,
				B5E8057B1B7F21530039CA40 /* Release */,
			);
			defaultConfigurationIsVisible = 0;
			defaultConfigurationName = Release;
		};
/* End XCConfigurationList section */
	};
	rootObject = B5E8055F1B7F212C0039CA40 /* Project object */;
}
